// !$*UTF8*$!
{
	archiveVersion = 1;
	classes = {
	};
	objectVersion = 46;
	objects = {

/* Begin PBXBuildFile section */
		47EF7DB81B15042C00146790 /* main.m in Sources */ = {isa = PBXBuildFile; fileRef = 47EF7DB71B15042C00146790 /* main.m */; };
		47EF7DBB1B15042C00146790 /* AppDelegate.m in Sources */ = {isa = PBXBuildFile; fileRef = 47EF7DBA1B15042C00146790 /* AppDelegate.m */; };
		47EF7DBE1B15042C00146790 /* ViewController.m in Sources */ = {isa = PBXBuildFile; fileRef = 47EF7DBD1B15042C00146790 /* ViewController.m */; };
		47EF7DC11B15042C00146790 /* Main.storyboard in Resources */ = {isa = PBXBuildFile; fileRef = 47EF7DBF1B15042C00146790 /* Main.storyboard */; };
		47EF7DC31B15042C00146790 /* Images.xcassets in Resources */ = {isa = PBXBuildFile; fileRef = 47EF7DC21B15042C00146790 /* Images.xcassets */; };
		47EF7DC61B15042C00146790 /* LaunchScreen.xib in Resources */ = {isa = PBXBuildFile; fileRef = 47EF7DC41B15042C00146790 /* LaunchScreen.xib */; };
		47EF7DD21B15042C00146790 /* MeetMeUpTests.m in Sources */ = {isa = PBXBuildFile; fileRef = 47EF7DD11B15042C00146790 /* MeetMeUpTests.m */; };
		47EF7DDD1B1510CC00146790 /* MeetupDetailViewController.m in Sources */ = {isa = PBXBuildFile; fileRef = 47EF7DDC1B1510CC00146790 /* MeetupDetailViewController.m */; };
		47EF7DE01B15FCCC00146790 /* WebViewController.m in Sources */ = {isa = PBXBuildFile; fileRef = 47EF7DDF1B15FCCC00146790 /* WebViewController.m */; };
/* End PBXBuildFile section */

/* Begin PBXContainerItemProxy section */
		47EF7DCC1B15042C00146790 /* PBXContainerItemProxy */ = {
			isa = PBXContainerItemProxy;
			containerPortal = 47EF7DAA1B15042C00146790 /* Project object */;
			proxyType = 1;
			remoteGlobalIDString = 47EF7DB11B15042C00146790;
			remoteInfo = MeetMeUp;
		};
/* End PBXContainerItemProxy section */

/* Begin PBXFileReference section */
		47EF7DB21B15042C00146790 /* MeetMeUp.app */ = {isa = PBXFileReference; explicitFileType = wrapper.application; includeInIndex = 0; path = MeetMeUp.app; sourceTree = BUILT_PRODUCTS_DIR; };
		47EF7DB61B15042C00146790 /* Info.plist */ = {isa = PBXFileReference; lastKnownFileType = text.plist.xml; path = Info.plist; sourceTree = "<group>"; };
		47EF7DB71B15042C00146790 /* main.m */ = {isa = PBXFileReference; lastKnownFileType = sourcecode.c.objc; path = main.m; sourceTree = "<group>"; };
		47EF7DB91B15042C00146790 /* AppDelegate.h */ = {isa = PBXFileReference; lastKnownFileType = sourcecode.c.h; path = AppDelegate.h; sourceTree = "<group>"; };
		47EF7DBA1B15042C00146790 /* AppDelegate.m */ = {isa = PBXFileReference; lastKnownFileType = sourcecode.c.objc; path = AppDelegate.m; sourceTree = "<group>"; };
		47EF7DBC1B15042C00146790 /* ViewController.h */ = {isa = PBXFileReference; lastKnownFileType = sourcecode.c.h; path = ViewController.h; sourceTree = "<group>"; };
		47EF7DBD1B15042C00146790 /* ViewController.m */ = {isa = PBXFileReference; lastKnownFileType = sourcecode.c.objc; path = ViewController.m; sourceTree = "<group>"; };
		47EF7DC01B15042C00146790 /* Base */ = {isa = PBXFileReference; lastKnownFileType = file.storyboard; name = Base; path = Base.lproj/Main.storyboard; sourceTree = "<group>"; };
		47EF7DC21B15042C00146790 /* Images.xcassets */ = {isa = PBXFileReference; lastKnownFileType = folder.assetcatalog; path = Images.xcassets; sourceTree = "<group>"; };
		47EF7DC51B15042C00146790 /* Base */ = {isa = PBXFileReference; lastKnownFileType = file.xib; name = Base; path = Base.lproj/LaunchScreen.xib; sourceTree = "<group>"; };
		47EF7DCB1B15042C00146790 /* MeetMeUpTests.xctest */ = {isa = PBXFileReference; explicitFileType = wrapper.cfbundle; includeInIndex = 0; path = MeetMeUpTests.xctest; sourceTree = BUILT_PRODUCTS_DIR; };
		47EF7DD01B15042C00146790 /* Info.plist */ = {isa = PBXFileReference; lastKnownFileType = text.plist.xml; path = Info.plist; sourceTree = "<group>"; };
		47EF7DD11B15042C00146790 /* MeetMeUpTests.m */ = {isa = PBXFileReference; lastKnownFileType = sourcecode.c.objc; path = MeetMeUpTests.m; sourceTree = "<group>"; };
		47EF7DDB1B1510CC00146790 /* MeetupDetailViewController.h */ = {isa = PBXFileReference; fileEncoding = 4; lastKnownFileType = sourcecode.c.h; path = MeetupDetailViewController.h; sourceTree = "<group>"; };
		47EF7DDC1B1510CC00146790 /* MeetupDetailViewController.m */ = {isa = PBXFileReference; fileEncoding = 4; lastKnownFileType = sourcecode.c.objc; path = MeetupDetailViewController.m; sourceTree = "<group>"; };
		47EF7DDE1B15FCCC00146790 /* WebViewController.h */ = {isa = PBXFileReference; fileEncoding = 4; lastKnownFileType = sourcecode.c.h; path = WebViewController.h; sourceTree = "<group>"; };
		47EF7DDF1B15FCCC00146790 /* WebViewController.m */ = {isa = PBXFileReference; fileEncoding = 4; lastKnownFileType = sourcecode.c.objc; path = WebViewController.m; sourceTree = "<group>"; };
/* End PBXFileReference section */

/* Begin PBXFrameworksBuildPhase section */
		47EF7DAF1B15042C00146790 /* Frameworks */ = {
			isa = PBXFrameworksBuildPhase;
			buildActionMask = 2147483647;
			files = (
			);
			runOnlyForDeploymentPostprocessing = 0;
		};
		47EF7DC81B15042C00146790 /* Frameworks */ = {
			isa = PBXFrameworksBuildPhase;
			buildActionMask = 2147483647;
			files = (
			);
			runOnlyForDeploymentPostprocessing = 0;
		};
/* End PBXFrameworksBuildPhase section */

/* Begin PBXGroup section */
		47EF7DA91B15042C00146790 = {
			isa = PBXGroup;
			children = (
				47EF7DB41B15042C00146790 /* MeetMeUp */,
				47EF7DCE1B15042C00146790 /* MeetMeUpTests */,
				47EF7DB31B15042C00146790 /* Products */,
			);
			sourceTree = "<group>";
		};
		47EF7DB31B15042C00146790 /* Products */ = {
			isa = PBXGroup;
			children = (
				47EF7DB21B15042C00146790 /* MeetMeUp.app */,
				47EF7DCB1B15042C00146790 /* MeetMeUpTests.xctest */,
			);
			name = Products;
			sourceTree = "<group>";
		};
		47EF7DB41B15042C00146790 /* MeetMeUp */ = {
			isa = PBXGroup;
			children = (
				47EF7DB91B15042C00146790 /* AppDelegate.h */,
				47EF7DBA1B15042C00146790 /* AppDelegate.m */,
				47EF7DDB1B1510CC00146790 /* MeetupDetailViewController.h */,
				47EF7DDC1B1510CC00146790 /* MeetupDetailViewController.m */,
				47EF7DBC1B15042C00146790 /* ViewController.h */,
				47EF7DBD1B15042C00146790 /* ViewController.m */,
				47EF7DDE1B15FCCC00146790 /* WebViewController.h */,
				47EF7DDF1B15FCCC00146790 /* WebViewController.m */,
				47EF7DBF1B15042C00146790 /* Main.storyboard */,
				47EF7DC21B15042C00146790 /* Images.xcassets */,
				47EF7DC41B15042C00146790 /* LaunchScreen.xib */,
				47EF7DB51B15042C00146790 /* Supporting Files */,
			);
			path = MeetMeUp;
			sourceTree = "<group>";
		};
		47EF7DB51B15042C00146790 /* Supporting Files */ = {
			isa = PBXGroup;
			children = (
				47EF7DB61B15042C00146790 /* Info.plist */,
				47EF7DB71B15042C00146790 /* main.m */,
			);
			name = "Supporting Files";
			sourceTree = "<group>";
		};
		47EF7DCE1B15042C00146790 /* MeetMeUpTests */ = {
			isa = PBXGroup;
			children = (
				47EF7DD11B15042C00146790 /* MeetMeUpTests.m */,
				47EF7DCF1B15042C00146790 /* Supporting Files */,
			);
			path = MeetMeUpTests;
			sourceTree = "<group>";
		};
		47EF7DCF1B15042C00146790 /* Supporting Files */ = {
			isa = PBXGroup;
			children = (
				47EF7DD01B15042C00146790 /* Info.plist */,
			);
			name = "Supporting Files";
			sourceTree = "<group>";
		};
/* End PBXGroup section */

/* Begin PBXNativeTarget section */
		47EF7DB11B15042C00146790 /* MeetMeUp */ = {
			isa = PBXNativeTarget;
			buildConfigurationList = 47EF7DD51B15042C00146790 /* Build configuration list for PBXNativeTarget "MeetMeUp" */;
			buildPhases = (
				47EF7DAE1B15042C00146790 /* Sources */,
				47EF7DAF1B15042C00146790 /* Frameworks */,
				47EF7DB01B15042C00146790 /* Resources */,
			);
			buildRules = (
			);
			dependencies = (
			);
			name = MeetMeUp;
			productName = MeetMeUp;
			productReference = 47EF7DB21B15042C00146790 /* MeetMeUp.app */;
			productType = "com.apple.product-type.application";
		};
		47EF7DCA1B15042C00146790 /* MeetMeUpTests */ = {
			isa = PBXNativeTarget;
			buildConfigurationList = 47EF7DD81B15042C00146790 /* Build configuration list for PBXNativeTarget "MeetMeUpTests" */;
			buildPhases = (
				47EF7DC71B15042C00146790 /* Sources */,
				47EF7DC81B15042C00146790 /* Frameworks */,
				47EF7DC91B15042C00146790 /* Resources */,
			);
			buildRules = (
			);
			dependencies = (
				47EF7DCD1B15042C00146790 /* PBXTargetDependency */,
			);
			name = MeetMeUpTests;
			productName = MeetMeUpTests;
			productReference = 47EF7DCB1B15042C00146790 /* MeetMeUpTests.xctest */;
			productType = "com.apple.product-type.bundle.unit-test";
		};
/* End PBXNativeTarget section */

/* Begin PBXProject section */
		47EF7DAA1B15042C00146790 /* Project object */ = {
			isa = PBXProject;
			attributes = {
				LastUpgradeCheck = 0630;
				ORGANIZATIONNAME = "Tony Dakhoul";
				TargetAttributes = {
					47EF7DB11B15042C00146790 = {
						CreatedOnToolsVersion = 6.3.1;
					};
					47EF7DCA1B15042C00146790 = {
						CreatedOnToolsVersion = 6.3.1;
						TestTargetID = 47EF7DB11B15042C00146790;
					};
				};
			};
			buildConfigurationList = 47EF7DAD1B15042C00146790 /* Build configuration list for PBXProject "MeetMeUp" */;
			compatibilityVersion = "Xcode 3.2";
			developmentRegion = English;
			hasScannedForEncodings = 0;
			knownRegions = (
				en,
				Base,
			);
			mainGroup = 47EF7DA91B15042C00146790;
			productRefGroup = 47EF7DB31B15042C00146790 /* Products */;
			projectDirPath = "";
			projectRoot = "";
			targets = (
				47EF7DB11B15042C00146790 /* MeetMeUp */,
				47EF7DCA1B15042C00146790 /* MeetMeUpTests */,
			);
		};
/* End PBXProject section */

/* Begin PBXResourcesBuildPhase section */
		47EF7DB01B15042C00146790 /* Resources */ = {
			isa = PBXResourcesBuildPhase;
			buildActionMask = 2147483647;
			files = (
				47EF7DC11B15042C00146790 /* Main.storyboard in Resources */,
				47EF7DC61B15042C00146790 /* LaunchScreen.xib in Resources */,
				47EF7DC31B15042C00146790 /* Images.xcassets in Resources */,
			);
			runOnlyForDeploymentPostprocessing = 0;
		};
		47EF7DC91B15042C00146790 /* Resources */ = {
			isa = PBXResourcesBuildPhase;
			buildActionMask = 2147483647;
			files = (
			);
			runOnlyForDeploymentPostprocessing = 0;
		};
/* End PBXResourcesBuildPhase section */

/* Begin PBXSourcesBuildPhase section */
		47EF7DAE1B15042C00146790 /* Sources */ = {
			isa = PBXSourcesBuildPhase;
			buildActionMask = 2147483647;
			files = (
				47EF7DBE1B15042C00146790 /* ViewController.m in Sources */,
				47EF7DE01B15FCCC00146790 /* WebViewController.m in Sources */,
				47EF7DDD1B1510CC00146790 /* MeetupDetailViewController.m in Sources */,
				47EF7DBB1B15042C00146790 /* AppDelegate.m in Sources */,
				47EF7DB81B15042C00146790 /* main.m in Sources */,
			);
			runOnlyForDeploymentPostprocessing = 0;
		};
		47EF7DC71B15042C00146790 /* Sources */ = {
			isa = PBXSourcesBuildPhase;
			buildActionMask = 2147483647;
			files = (
				47EF7DD21B15042C00146790 /* MeetMeUpTests.m in Sources */,
			);
			runOnlyForDeploymentPostprocessing = 0;
		};
/* End PBXSourcesBuildPhase section */

/* Begin PBXTargetDependency section */
		47EF7DCD1B15042C00146790 /* PBXTargetDependency */ = {
			isa = PBXTargetDependency;
			target = 47EF7DB11B15042C00146790 /* MeetMeUp */;
			targetProxy = 47EF7DCC1B15042C00146790 /* PBXContainerItemProxy */;
		};
/* End PBXTargetDependency section */

/* Begin PBXVariantGroup section */
		47EF7DBF1B15042C00146790 /* Main.storyboard */ = {
			isa = PBXVariantGroup;
			children = (
				47EF7DC01B15042C00146790 /* Base */,
			);
			name = Main.storyboard;
			sourceTree = "<group>";
		};
		47EF7DC41B15042C00146790 /* LaunchScreen.xib */ = {
			isa = PBXVariantGroup;
			children = (
				47EF7DC51B15042C00146790 /* Base */,
			);
			name = LaunchScreen.xib;
			sourceTree = "<group>";
		};
/* End PBXVariantGroup section */

/* Begin XCBuildConfiguration section */
		47EF7DD31B15042C00146790 /* Debug */ = {
			isa = XCBuildConfiguration;
			buildSettings = {
				ALWAYS_SEARCH_USER_PATHS = NO;
				CLANG_CXX_LANGUAGE_STANDARD = "gnu++0x";
				CLANG_CXX_LIBRARY = "libc++";
				CLANG_ENABLE_MODULES = YES;
				CLANG_ENABLE_OBJC_ARC = YES;
				CLANG_WARN_BOOL_CONVERSION = YES;
				CLANG_WARN_CONSTANT_CONVERSION = YES;
				CLANG_WARN_DIRECT_OBJC_ISA_USAGE = YES_ERROR;
				CLANG_WARN_EMPTY_BODY = YES;
				CLANG_WARN_ENUM_CONVERSION = YES;
				CLANG_WARN_INT_CONVERSION = YES;
				CLANG_WARN_OBJC_ROOT_CLASS = YES_ERROR;
				CLANG_WARN_UNREACHABLE_CODE = YES;
				CLANG_WARN__DUPLICATE_METHOD_MATCH = YES;
				"CODE_SIGN_IDENTITY[sdk=iphoneos*]" = "iPhone Developer";
				COPY_PHASE_STRIP = NO;
				DEBUG_INFORMATION_FORMAT = "dwarf-with-dsym";
				ENABLE_STRICT_OBJC_MSGSEND = YES;
				GCC_C_LANGUAGE_STANDARD = gnu99;
				GCC_DYNAMIC_NO_PIC = NO;
				GCC_NO_COMMON_BLOCKS = YES;
				GCC_OPTIMIZATION_LEVEL = 0;
				GCC_PREPROCESSOR_DEFINITIONS = (
					"DEBUG=1",
					"$(inherited)",
				);
				GCC_SYMBOLS_PRIVATE_EXTERN = NO;
				GCC_WARN_64_TO_32_BIT_CONVERSION = YES;
				GCC_WARN_ABOUT_RETURN_TYPE = YES_ERROR;
				GCC_WARN_UNDECLARED_SELECTOR = YES;
				GCC_WARN_UNINITIALIZED_AUTOS = YES_AGGRESSIVE;
				GCC_WARN_UNUSED_FUNCTION = YES;
				GCC_WARN_UNUSED_VARIABLE = YES;
				IPHONEOS_DEPLOYMENT_TARGET = 8.3;
				MTL_ENABLE_DEBUG_INFO = YES;
				ONLY_ACTIVE_ARCH = YES;
				SDKROOT = iphoneos;
			};
			name = Debug;
		};
		47EF7DD41B15042C00146790 /* Release */ = {
			isa = XCBuildConfiguration;
			buildSettings = {
				ALWAYS_SEARCH_USER_PATHS = NO;
				CLANG_CXX_LANGUAGE_STANDARD = "gnu++0x";
				CLANG_CXX_LIBRARY = "libc++";
				CLANG_ENABLE_MODULES = YES;
				CLANG_ENABLE_OBJC_ARC = YES;
				CLANG_WARN_BOOL_CONVERSION = YES;
				CLANG_WARN_CONSTANT_CONVERSION = YES;
				CLANG_WARN_DIRECT_OBJC_ISA_USAGE = YES_ERROR;
				CLANG_WARN_EMPTY_BODY = YES;
				CLANG_WARN_ENUM_CONVERSION = YES;
				CLANG_WARN_INT_CONVERSION = YES;
				CLANG_WARN_OBJC_ROOT_CLASS = YES_ERROR;
				CLANG_WARN_UNREACHABLE_CODE = YES;
				CLANG_WARN__DUPLICATE_METHOD_MATCH = YES;
				"CODE_SIGN_IDENTITY[sdk=iphoneos*]" = "iPhone Developer";
				COPY_PHASE_STRIP = NO;
				DEBUG_INFORMATION_FORMAT = "dwarf-with-dsym";
				ENABLE_NS_ASSERTIONS = NO;
				ENABLE_STRICT_OBJC_MSGSEND = YES;
				GCC_C_LANGUAGE_STANDARD = gnu99;
				GCC_NO_COMMON_BLOCKS = YES;
				GCC_WARN_64_TO_32_BIT_CONVERSION = YES;
				GCC_WARN_ABOUT_RETURN_TYPE = YES_ERROR;
				GCC_WARN_UNDECLARED_SELECTOR = YES;
				GCC_WARN_UNINITIALIZED_AUTOS = YES_AGGRESSIVE;
				GCC_WARN_UNUSED_FUNCTION = YES;
				GCC_WARN_UNUSED_VARIABLE = YES;
				IPHONEOS_DEPLOYMENT_TARGET = 8.3;
				MTL_ENABLE_DEBUG_INFO = NO;
				SDKROOT = iphoneos;
				VALIDATE_PRODUCT = YES;
			};
			name = Release;
		};
		47EF7DD61B15042C00146790 /* Debug */ = {
			isa = XCBuildConfiguration;
			buildSettings = {
				ASSETCATALOG_COMPILER_APPICON_NAME = AppIcon;
				INFOPLIST_FILE = MeetMeUp/Info.plist;
				LD_RUNPATH_SEARCH_PATHS = "$(inherited) @executable_path/Frameworks";
				PRODUCT_NAME = "$(TARGET_NAME)";
			};
			name = Debug;
		};
		47EF7DD71B15042C00146790 /* Release */ = {
			isa = XCBuildConfiguration;
			buildSettings = {
				ASSETCATALOG_COMPILER_APPICON_NAME = AppIcon;
				INFOPLIST_FILE = MeetMeUp/Info.plist;
				LD_RUNPATH_SEARCH_PATHS = "$(inherited) @executable_path/Frameworks";
				PRODUCT_NAME = "$(TARGET_NAME)";
			};
			name = Release;
		};
		47EF7DD91B15042C00146790 /* Debug */ = {
			isa = XCBuildConfiguration;
			buildSettings = {
				BUNDLE_LOADER = "$(TEST_HOST)";
				FRAMEWORK_SEARCH_PATHS = (
					"$(SDKROOT)/Developer/Library/Frameworks",
					"$(inherited)",
				);
				GCC_PREPROCESSOR_DEFINITIONS = (
					"DEBUG=1",
					"$(inherited)",
				);
				INFOPLIST_FILE = MeetMeUpTests/Info.plist;
				LD_RUNPATH_SEARCH_PATHS = "$(inherited) @executable_path/Frameworks @loader_path/Frameworks";
				PRODUCT_NAME = "$(TARGET_NAME)";
				TEST_HOST = "$(BUILT_PRODUCTS_DIR)/MeetMeUp.app/MeetMeUp";
			};
			name = Debug;
		};
		47EF7DDA1B15042C00146790 /* Release */ = {
			isa = XCBuildConfiguration;
			buildSettings = {
				BUNDLE_LOADER = "$(TEST_HOST)";
				FRAMEWORK_SEARCH_PATHS = (
					"$(SDKROOT)/Developer/Library/Frameworks",
					"$(inherited)",
				);
				INFOPLIST_FILE = MeetMeUpTests/Info.plist;
				LD_RUNPATH_SEARCH_PATHS = "$(inherited) @executable_path/Frameworks @loader_path/Frameworks";
				PRODUCT_NAME = "$(TARGET_NAME)";
				TEST_HOST = "$(BUILT_PRODUCTS_DIR)/MeetMeUp.app/MeetMeUp";
			};
			name = Release;
		};
/* End XCBuildConfiguration section */

/* Begin XCConfigurationList section */
		47EF7DAD1B15042C00146790 /* Build configuration list for PBXProject "MeetMeUp" */ = {
			isa = XCConfigurationList;
			buildConfigurations = (
				47EF7DD31B15042C00146790 /* Debug */,
				47EF7DD41B15042C00146790 /* Release */,
			);
			defaultConfigurationIsVisible = 0;
			defaultConfigurationName = Release;
		};
		47EF7DD51B15042C00146790 /* Build configuration list for PBXNativeTarget "MeetMeUp" */ = {
			isa = XCConfigurationList;
			buildConfigurations = (
				47EF7DD61B15042C00146790 /* Debug */,
				47EF7DD71B15042C00146790 /* Release */,
			);
			defaultConfigurationIsVisible = 0;
		};
		47EF7DD81B15042C00146790 /* Build configuration list for PBXNativeTarget "MeetMeUpTests" */ = {
			isa = XCConfigurationList;
			buildConfigurations = (
				47EF7DD91B15042C00146790 /* Debug */,
				47EF7DDA1B15042C00146790 /* Release */,
			);
			defaultConfigurationIsVisible = 0;
		};
/* End XCConfigurationList section */
	};
	rootObject = 47EF7DAA1B15042C00146790 /* Project object */;
}
